
Microsoft Visual Studio Solution File, Format Version 12.00
# Visual Studio Version 16
VisualStudioVersion = 16.0.33027.164
MinimumVisualStudioVersion = 10.0.40219.1
Project("{9A19103F-16F7-4668-BE54-9A1E7A4F7556}") = "Wiki_Hitler", "WikiHetler\Wiki_Hitler.csproj", "{D155EAE4-DA9C-4B5C-B93B-12FA19AC3D51}"
EndProject
Global
	GlobalSection(SolutionConfigurationPlatforms) = preSolution
		Debug|Any CPU = Debug|Any CPU
		Release|Any CPU = Release|Any CPU
	EndGlobalSection
	GlobalSection(ProjectConfigurationPlatforms) = postSolution
		{D155EAE4-DA9C-4B5C-B93B-12FA19AC3D51}.Debug|Any CPU.ActiveCfg = Debug|Any CPU
		{D155EAE4-DA9C-4B5C-B93B-12FA19AC3D51}.Debug|Any CPU.Build.0 = Debug|Any CPU
		{D155EAE4-DA9C-4B5C-B93B-12FA19AC3D51}.Release|Any CPU.ActiveCfg = Release|Any CPU
		{D155EAE4-DA9C-4B5C-B93B-12FA19AC3D51}.Release|Any CPU.Build.0 = Release|Any CPU
	EndGlobalSection
	GlobalSection(SolutionProperties) = preSolution
		HideSolutionNode = FALSE
	EndGlobalSection
	GlobalSection(ExtensibilityGlobals) = postSolution
		SolutionGuid = {9703BB6A-516F-43F2-8E3E-F5706D01CB2B}
	EndGlobalSection
EndGlobal
